// !$*UTF8*$!
{
	archiveVersion = 1;
	classes = {
	};
	objectVersion = 51;
	objects = {

/* Begin PBXBuildFile section */
		C02D8E8E865B22D89689CC7A /* Pods_ExchangeRates.framework in Frameworks */ = {isa = PBXBuildFile; fileRef = BAE29DBA0D882C79DEAD1942 /* Pods_ExchangeRates.framework */; };
		DE250DA322A478280012BA4B /* AppDelegate.swift in Sources */ = {isa = PBXBuildFile; fileRef = DE250DA222A478280012BA4B /* AppDelegate.swift */; };
		DE250DA522A478280012BA4B /* ViewController.swift in Sources */ = {isa = PBXBuildFile; fileRef = DE250DA422A478280012BA4B /* ViewController.swift */; };
		DE250DA822A478280012BA4B /* Main.storyboard in Resources */ = {isa = PBXBuildFile; fileRef = DE250DA622A478280012BA4B /* Main.storyboard */; };
		DE250DAA22A478290012BA4B /* Assets.xcassets in Resources */ = {isa = PBXBuildFile; fileRef = DE250DA922A478290012BA4B /* Assets.xcassets */; };
		DE250DAD22A478290012BA4B /* LaunchScreen.storyboard in Resources */ = {isa = PBXBuildFile; fileRef = DE250DAB22A478290012BA4B /* LaunchScreen.storyboard */; };
		DE250DB722A479C90012BA4B /* ExchangeRate.swift in Sources */ = {isa = PBXBuildFile; fileRef = DE250DB622A479C90012BA4B /* ExchangeRate.swift */; };
		DE250DB922A479D90012BA4B /* ERManager.swift in Sources */ = {isa = PBXBuildFile; fileRef = DE250DB822A479D90012BA4B /* ERManager.swift */; };
		DE250DBB22A479EA0012BA4B /* ERManager+Update.swift in Sources */ = {isa = PBXBuildFile; fileRef = DE250DBA22A479EA0012BA4B /* ERManager+Update.swift */; };
/* End PBXBuildFile section */

/* Begin PBXFileReference section */
		274FA0B77A7C27CDA5761A76 /* Pods-ExchangeRates.debug.xcconfig */ = {isa = PBXFileReference; includeInIndex = 1; lastKnownFileType = text.xcconfig; name = "Pods-ExchangeRates.debug.xcconfig"; path = "Target Support Files/Pods-ExchangeRates/Pods-ExchangeRates.debug.xcconfig"; sourceTree = "<group>"; };
		ADFC7D286C642D82EAC555C3 /* Pods-ExchangeRates.release.xcconfig */ = {isa = PBXFileReference; includeInIndex = 1; lastKnownFileType = text.xcconfig; name = "Pods-ExchangeRates.release.xcconfig"; path = "Target Support Files/Pods-ExchangeRates/Pods-ExchangeRates.release.xcconfig"; sourceTree = "<group>"; };
		BAE29DBA0D882C79DEAD1942 /* Pods_ExchangeRates.framework */ = {isa = PBXFileReference; explicitFileType = wrapper.framework; includeInIndex = 0; path = Pods_ExchangeRates.framework; sourceTree = BUILT_PRODUCTS_DIR; };
		DE250D9F22A478280012BA4B /* ExchangeRates.app */ = {isa = PBXFileReference; explicitFileType = wrapper.application; includeInIndex = 0; path = ExchangeRates.app; sourceTree = BUILT_PRODUCTS_DIR; };
		DE250DA222A478280012BA4B /* AppDelegate.swift */ = {isa = PBXFileReference; lastKnownFileType = sourcecode.swift; path = AppDelegate.swift; sourceTree = "<group>"; };
		DE250DA422A478280012BA4B /* ViewController.swift */ = {isa = PBXFileReference; lastKnownFileType = sourcecode.swift; path = ViewController.swift; sourceTree = "<group>"; };
		DE250DA722A478280012BA4B /* Base */ = {isa = PBXFileReference; lastKnownFileType = file.storyboard; name = Base; path = Base.lproj/Main.storyboard; sourceTree = "<group>"; };
		DE250DA922A478290012BA4B /* Assets.xcassets */ = {isa = PBXFileReference; lastKnownFileType = folder.assetcatalog; path = Assets.xcassets; sourceTree = "<group>"; };
		DE250DAC22A478290012BA4B /* Base */ = {isa = PBXFileReference; lastKnownFileType = file.storyboard; name = Base; path = Base.lproj/LaunchScreen.storyboard; sourceTree = "<group>"; };
		DE250DAE22A478290012BA4B /* Info.plist */ = {isa = PBXFileReference; lastKnownFileType = text.plist.xml; path = Info.plist; sourceTree = "<group>"; };
		DE250DB622A479C90012BA4B /* ExchangeRate.swift */ = {isa = PBXFileReference; lastKnownFileType = sourcecode.swift; path = ExchangeRate.swift; sourceTree = "<group>"; };
		DE250DB822A479D90012BA4B /* ERManager.swift */ = {isa = PBXFileReference; lastKnownFileType = sourcecode.swift; path = ERManager.swift; sourceTree = "<group>"; };
		DE250DBA22A479EA0012BA4B /* ERManager+Update.swift */ = {isa = PBXFileReference; lastKnownFileType = sourcecode.swift; path = "ERManager+Update.swift"; sourceTree = "<group>"; };
/* End PBXFileReference section */

/* Begin PBXFrameworksBuildPhase section */
		DE250D9C22A478280012BA4B /* Frameworks */ = {
			isa = PBXFrameworksBuildPhase;
			buildActionMask = 2147483647;
			files = (
				C02D8E8E865B22D89689CC7A /* Pods_ExchangeRates.framework in Frameworks */,
			);
			runOnlyForDeploymentPostprocessing = 0;
		};
/* End PBXFrameworksBuildPhase section */

/* Begin PBXGroup section */
		29000F3E616438E65CED7701 /* Pods */ = {
			isa = PBXGroup;
			children = (
				274FA0B77A7C27CDA5761A76 /* Pods-ExchangeRates.debug.xcconfig */,
				ADFC7D286C642D82EAC555C3 /* Pods-ExchangeRates.release.xcconfig */,
			);
			path = Pods;
			sourceTree = "<group>";
		};
		D77F30728DEDEA7AAD427990 /* Frameworks */ = {
			isa = PBXGroup;
			children = (
				BAE29DBA0D882C79DEAD1942 /* Pods_ExchangeRates.framework */,
			);
			name = Frameworks;
			sourceTree = "<group>";
		};
		DE250D9622A478280012BA4B = {
			isa = PBXGroup;
			children = (
				DE250DA122A478280012BA4B /* ExchangeRates */,
				DE250DA022A478280012BA4B /* Products */,
				29000F3E616438E65CED7701 /* Pods */,
				D77F30728DEDEA7AAD427990 /* Frameworks */,
			);
			sourceTree = "<group>";
		};
		DE250DA022A478280012BA4B /* Products */ = {
			isa = PBXGroup;
			children = (
				DE250D9F22A478280012BA4B /* ExchangeRates.app */,
			);
			name = Products;
			sourceTree = "<group>";
		};
		DE250DA122A478280012BA4B /* ExchangeRates */ = {
			isa = PBXGroup;
			children = (
				DE250DB522A4798E0012BA4B /* Domain */,
				DE250DB422A4797A0012BA4B /* Manager */,
				DE250DA222A478280012BA4B /* AppDelegate.swift */,
				DE250DA422A478280012BA4B /* ViewController.swift */,
				DE250DA622A478280012BA4B /* Main.storyboard */,
				DE250DA922A478290012BA4B /* Assets.xcassets */,
				DE250DAB22A478290012BA4B /* LaunchScreen.storyboard */,
				DE250DAE22A478290012BA4B /* Info.plist */,
			);
			path = ExchangeRates;
			sourceTree = "<group>";
		};
		DE250DB422A4797A0012BA4B /* Manager */ = {
			isa = PBXGroup;
			children = (
				DE250DB822A479D90012BA4B /* ERManager.swift */,
				DE250DBA22A479EA0012BA4B /* ERManager+Update.swift */,
			);
			path = Manager;
			sourceTree = "<group>";
		};
		DE250DB522A4798E0012BA4B /* Domain */ = {
			isa = PBXGroup;
			children = (
				DE250DB622A479C90012BA4B /* ExchangeRate.swift */,
			);
			path = Domain;
			sourceTree = "<group>";
		};
/* End PBXGroup section */

/* Begin PBXNativeTarget section */
		DE250D9E22A478280012BA4B /* ExchangeRates */ = {
			isa = PBXNativeTarget;
			buildConfigurationList = DE250DB122A478290012BA4B /* Build configuration list for PBXNativeTarget "ExchangeRates" */;
			buildPhases = (
				6279EBF75203AA5BF9BCF832 /* [CP] Check Pods Manifest.lock */,
				DE250D9B22A478280012BA4B /* Sources */,
				DE250D9C22A478280012BA4B /* Frameworks */,
				DE250D9D22A478280012BA4B /* Resources */,
				A585C02590C8CC1E460B446F /* [CP] Embed Pods Frameworks */,
			);
			buildRules = (
			);
			dependencies = (
			);
			name = ExchangeRates;
			productName = ExchangeRates;
			productReference = DE250D9F22A478280012BA4B /* ExchangeRates.app */;
			productType = "com.apple.product-type.application";
		};
/* End PBXNativeTarget section */

/* Begin PBXProject section */
		DE250D9722A478280012BA4B /* Project object */ = {
			isa = PBXProject;
			attributes = {
				LastSwiftUpdateCheck = 1010;
				LastUpgradeCheck = 1010;
				ORGANIZATIONNAME = Vladimir;
				TargetAttributes = {
					DE250D9E22A478280012BA4B = {
						CreatedOnToolsVersion = 10.1;
					};
				};
			};
			buildConfigurationList = DE250D9A22A478280012BA4B /* Build configuration list for PBXProject "ExchangeRates" */;
			compatibilityVersion = "Xcode 9.3";
			developmentRegion = en;
			hasScannedForEncodings = 0;
			knownRegions = (
				en,
				Base,
			);
			mainGroup = DE250D9622A478280012BA4B;
			productRefGroup = DE250DA022A478280012BA4B /* Products */;
			projectDirPath = "";
			projectRoot = "";
			targets = (
				DE250D9E22A478280012BA4B /* ExchangeRates */,
			);
		};
/* End PBXProject section */

/* Begin PBXResourcesBuildPhase section */
		DE250D9D22A478280012BA4B /* Resources */ = {
			isa = PBXResourcesBuildPhase;
			buildActionMask = 2147483647;
			files = (
				DE250DAD22A478290012BA4B /* LaunchScreen.storyboard in Resources */,
				DE250DAA22A478290012BA4B /* Assets.xcassets in Resources */,
				DE250DA822A478280012BA4B /* Main.storyboard in Resources */,
			);
			runOnlyForDeploymentPostprocessing = 0;
		};
/* End PBXResourcesBuildPhase section */

/* Begin PBXShellScriptBuildPhase section */
		6279EBF75203AA5BF9BCF832 /* [CP] Check Pods Manifest.lock */ = {
			isa = PBXShellScriptBuildPhase;
			buildActionMask = 2147483647;
			files = (
			);
			inputFileListPaths = (
			);
			inputPaths = (
				"${PODS_PODFILE_DIR_PATH}/Podfile.lock",
				"${PODS_ROOT}/Manifest.lock",
			);
			name = "[CP] Check Pods Manifest.lock";
			outputFileListPaths = (
			);
			outputPaths = (
				"$(DERIVED_FILE_DIR)/Pods-ExchangeRates-checkManifestLockResult.txt",
			);
			runOnlyForDeploymentPostprocessing = 0;
			shellPath = /bin/sh;
			shellScript = "diff \"${PODS_PODFILE_DIR_PATH}/Podfile.lock\" \"${PODS_ROOT}/Manifest.lock\" > /dev/null\nif [ $? != 0 ] ; then\n    # print error to STDERR\n    echo \"error: The sandbox is not in sync with the Podfile.lock. Run 'pod install' or update your CocoaPods installation.\" >&2\n    exit 1\nfi\n# This output is used by Xcode 'outputs' to avoid re-running this script phase.\necho \"SUCCESS\" > \"${SCRIPT_OUTPUT_FILE_0}\"\n";
			showEnvVarsInLog = 0;
		};
		A585C02590C8CC1E460B446F /* [CP] Embed Pods Frameworks */ = {
			isa = PBXShellScriptBuildPhase;
			buildActionMask = 2147483647;
			files = (
			);
			inputFileListPaths = (
				"${PODS_ROOT}/Target Support Files/Pods-ExchangeRates/Pods-ExchangeRates-frameworks-${CONFIGURATION}-input-files.xcfilelist",
			);
			name = "[CP] Embed Pods Frameworks";
			outputFileListPaths = (
				"${PODS_ROOT}/Target Support Files/Pods-ExchangeRates/Pods-ExchangeRates-frameworks-${CONFIGURATION}-output-files.xcfilelist",
			);
			runOnlyForDeploymentPostprocessing = 0;
			shellPath = /bin/sh;
			shellScript = "\"${PODS_ROOT}/Target Support Files/Pods-ExchangeRates/Pods-ExchangeRates-frameworks.sh\"\n";
			showEnvVarsInLog = 0;
		};
/* End PBXShellScriptBuildPhase section */

/* Begin PBXSourcesBuildPhase section */
		DE250D9B22A478280012BA4B /* Sources */ = {
			isa = PBXSourcesBuildPhase;
			buildActionMask = 2147483647;
			files = (
				DE250DA522A478280012BA4B /* ViewController.swift in Sources */,
				DE250DB722A479C90012BA4B /* ExchangeRate.swift in Sources */,
				DE250DB922A479D90012BA4B /* ERManager.swift in Sources */,
				DE250DBB22A479EA0012BA4B /* ERManager+Update.swift in Sources */,
				DE250DA322A478280012BA4B /* AppDelegate.swift in Sources */,
			);
			runOnlyForDeploymentPostprocessing = 0;
		};
/* End PBXSourcesBuildPhase section */

/* Begin PBXVariantGroup section */
		DE250DA622A478280012BA4B /* Main.storyboard */ = {
			isa = PBXVariantGroup;
			children = (
				DE250DA722A478280012BA4B /* Base */,
			);
			name = Main.storyboard;
			sourceTree = "<group>";
		};
		DE250DAB22A478290012BA4B /* LaunchScreen.storyboard */ = {
			isa = PBXVariantGroup;
			children = (
				DE250DAC22A478290012BA4B /* Base */,
			);
			name = LaunchScreen.storyboard;
			sourceTree = "<group>";
		};
/* End PBXVariantGroup section */

/* Begin XCBuildConfiguration section */
		DE250DAF22A478290012BA4B /* Debug */ = {
			isa = XCBuildConfiguration;
			buildSettings = {
				ALWAYS_SEARCH_USER_PATHS = NO;
				CLANG_ANALYZER_NONNULL = YES;
				CLANG_ANALYZER_NUMBER_OBJECT_CONVERSION = YES_AGGRESSIVE;
				CLANG_CXX_LANGUAGE_STANDARD = "gnu++14";
				CLANG_CXX_LIBRARY = "libc++";
				CLANG_ENABLE_MODULES = YES;
				CLANG_ENABLE_OBJC_ARC = YES;
				CLANG_ENABLE_OBJC_WEAK = YES;
				CLANG_WARN_BLOCK_CAPTURE_AUTORELEASING = YES;
				CLANG_WARN_BOOL_CONVERSION = YES;
				CLANG_WARN_COMMA = YES;
				CLANG_WARN_CONSTANT_CONVERSION = YES;
				CLANG_WARN_DEPRECATED_OBJC_IMPLEMENTATIONS = YES;
				CLANG_WARN_DIRECT_OBJC_ISA_USAGE = YES_ERROR;
				CLANG_WARN_DOCUMENTATION_COMMENTS = YES;
				CLANG_WARN_EMPTY_BODY = YES;
				CLANG_WARN_ENUM_CONVERSION = YES;
				CLANG_WARN_INFINITE_RECURSION = YES;
				CLANG_WARN_INT_CONVERSION = YES;
				CLANG_WARN_NON_LITERAL_NULL_CONVERSION = YES;
				CLANG_WARN_OBJC_IMPLICIT_RETAIN_SELF = YES;
				CLANG_WARN_OBJC_LITERAL_CONVERSION = YES;
				CLANG_WARN_OBJC_ROOT_CLASS = YES_ERROR;
				CLANG_WARN_RANGE_LOOP_ANALYSIS = YES;
				CLANG_WARN_STRICT_PROTOTYPES = YES;
				CLANG_WARN_SUSPICIOUS_MOVE = YES;
				CLANG_WARN_UNGUARDED_AVAILABILITY = YES_AGGRESSIVE;
				CLANG_WARN_UNREACHABLE_CODE = YES;
				CLANG_WARN__DUPLICATE_METHOD_MATCH = YES;
				CODE_SIGN_IDENTITY = "iPhone Developer";
				COPY_PHASE_STRIP = NO;
				DEBUG_INFORMATION_FORMAT = dwarf;
				ENABLE_STRICT_OBJC_MSGSEND = YES;
				ENABLE_TESTABILITY = YES;
				GCC_C_LANGUAGE_STANDARD = gnu11;
				GCC_DYNAMIC_NO_PIC = NO;
				GCC_NO_COMMON_BLOCKS = YES;
				GCC_OPTIMIZATION_LEVEL = 0;
				GCC_PREPROCESSOR_DEFINITIONS = (
					"DEBUG=1",
					"$(inherited)",
				);
				GCC_WARN_64_TO_32_BIT_CONVERSION = YES;
				GCC_WARN_ABOUT_RETURN_TYPE = YES_ERROR;
				GCC_WARN_UNDECLARED_SELECTOR = YES;
				GCC_WARN_UNINITIALIZED_AUTOS = YES_AGGRESSIVE;
				GCC_WARN_UNUSED_FUNCTION = YES;
				GCC_WARN_UNUSED_VARIABLE = YES;
				IPHONEOS_DEPLOYMENT_TARGET = 12.1;
				MTL_ENABLE_DEBUG_INFO = INCLUDE_SOURCE;
				MTL_FAST_MATH = YES;
				ONLY_ACTIVE_ARCH = YES;
				SDKROOT = iphoneos;
				SWIFT_ACTIVE_COMPILATION_CONDITIONS = DEBUG;
				SWIFT_OPTIMIZATION_LEVEL = "-Onone";
			};
			name = Debug;
		};
		DE250DB022A478290012BA4B /* Release */ = {
			isa = XCBuildConfiguration;
			buildSettings = {
				ALWAYS_SEARCH_USER_PATHS = NO;
				CLANG_ANALYZER_NONNULL = YES;
				CLANG_ANALYZER_NUMBER_OBJECT_CONVERSION = YES_AGGRESSIVE;
				CLANG_CXX_LANGUAGE_STANDARD = "gnu++14";
				CLANG_CXX_LIBRARY = "libc++";
				CLANG_ENABLE_MODULES = YES;
				CLANG_ENABLE_OBJC_ARC = YES;
				CLANG_ENABLE_OBJC_WEAK = YES;
				CLANG_WARN_BLOCK_CAPTURE_AUTORELEASING = YES;
				CLANG_WARN_BOOL_CONVERSION = YES;
				CLANG_WARN_COMMA = YES;
				CLANG_WARN_CONSTANT_CONVERSION = YES;
				CLANG_WARN_DEPRECATED_OBJC_IMPLEMENTATIONS = YES;
				CLANG_WARN_DIRECT_OBJC_ISA_USAGE = YES_ERROR;
				CLANG_WARN_DOCUMENTATION_COMMENTS = YES;
				CLANG_WARN_EMPTY_BODY = YES;
				CLANG_WARN_ENUM_CONVERSION = YES;
				CLANG_WARN_INFINITE_RECURSION = YES;
				CLANG_WARN_INT_CONVERSION = YES;
				CLANG_WARN_NON_LITERAL_NULL_CONVERSION = YES;
				CLANG_WARN_OBJC_IMPLICIT_RETAIN_SELF = YES;
				CLANG_WARN_OBJC_LITERAL_CONVERSION = YES;
				CLANG_WARN_OBJC_ROOT_CLASS = YES_ERROR;
				CLANG_WARN_RANGE_LOOP_ANALYSIS = YES;
				CLANG_WARN_STRICT_PROTOTYPES = YES;
				CLANG_WARN_SUSPICIOUS_MOVE = YES;
				CLANG_WARN_UNGUARDED_AVAILABILITY = YES_AGGRESSIVE;
				CLANG_WARN_UNREACHABLE_CODE = YES;
				CLANG_WARN__DUPLICATE_METHOD_MATCH = YES;
				CODE_SIGN_IDENTITY = "iPhone Developer";
				COPY_PHASE_STRIP = NO;
				DEBUG_INFORMATION_FORMAT = "dwarf-with-dsym";
				ENABLE_NS_ASSERTIONS = NO;
				ENABLE_STRICT_OBJC_MSGSEND = YES;
				GCC_C_LANGUAGE_STANDARD = gnu11;
				GCC_NO_COMMON_BLOCKS = YES;
				GCC_WARN_64_TO_32_BIT_CONVERSION = YES;
				GCC_WARN_ABOUT_RETURN_TYPE = YES_ERROR;
				GCC_WARN_UNDECLARED_SELECTOR = YES;
				GCC_WARN_UNINITIALIZED_AUTOS = YES_AGGRESSIVE;
				GCC_WARN_UNUSED_FUNCTION = YES;
				GCC_WARN_UNUSED_VARIABLE = YES;
				IPHONEOS_DEPLOYMENT_TARGET = 12.1;
				MTL_ENABLE_DEBUG_INFO = NO;
				MTL_FAST_MATH = YES;
				SDKROOT = iphoneos;
				SWIFT_COMPILATION_MODE = wholemodule;
				SWIFT_OPTIMIZATION_LEVEL = "-O";
				VALIDATE_PRODUCT = YES;
			};
			name = Release;
		};
		DE250DB222A478290012BA4B /* Debug */ = {
			isa = XCBuildConfiguration;
			baseConfigurationReference = 274FA0B77A7C27CDA5761A76 /* Pods-ExchangeRates.debug.xcconfig */;
			buildSettings = {
				ASSETCATALOG_COMPILER_APPICON_NAME = AppIcon;
				CODE_SIGN_STYLE = Automatic;
				INFOPLIST_FILE = ExchangeRates/Info.plist;
				IPHONEOS_DEPLOYMENT_TARGET = 10.0;
				LD_RUNPATH_SEARCH_PATHS = (
					"$(inherited)",
					"@executable_path/Frameworks",
				);
				PRODUCT_BUNDLE_IDENTIFIER = com.atticroof.ExchangeRates;
				PRODUCT_NAME = "$(TARGET_NAME)";
				SWIFT_VERSION = 4.2;
				TARGETED_DEVICE_FAMILY = "1,2";
			};
			name = Debug;
		};
		DE250DB322A478290012BA4B /* Release */ = {
			isa = XCBuildConfiguration;
			baseConfigurationReference = ADFC7D286C642D82EAC555C3 /* Pods-ExchangeRates.release.xcconfig */;
			buildSettings = {
				ASSETCATALOG_COMPILER_APPICON_NAME = AppIcon;
				CODE_SIGN_STYLE = Automatic;
				INFOPLIST_FILE = ExchangeRates/Info.plist;
				IPHONEOS_DEPLOYMENT_TARGET = 10.0;
				LD_RUNPATH_SEARCH_PATHS = (
					"$(inherited)",
					"@executable_path/Frameworks",
				);
				PRODUCT_BUNDLE_IDENTIFIER = com.atticroof.ExchangeRates;
				PRODUCT_NAME = "$(TARGET_NAME)";
				SWIFT_VERSION = 4.2;
				TARGETED_DEVICE_FAMILY = "1,2";
			};
			name = Release;
		};
/* End XCBuildConfiguration section */

/* Begin XCConfigurationList section */
		DE250D9A22A478280012BA4B /* Build configuration list for PBXProject "ExchangeRates" */ = {
			isa = XCConfigurationList;
			buildConfigurations = (
				DE250DAF22A478290012BA4B /* Debug */,
				DE250DB022A478290012BA4B /* Release */,
			);
			defaultConfigurationIsVisible = 0;
			defaultConfigurationName = Release;
		};
		DE250DB122A478290012BA4B /* Build configuration list for PBXNativeTarget "ExchangeRates" */ = {
			isa = XCConfigurationList;
			buildConfigurations = (
				DE250DB222A478290012BA4B /* Debug */,
				DE250DB322A478290012BA4B /* Release */,
			);
			defaultConfigurationIsVisible = 0;
			defaultConfigurationName = Release;
		};
/* End XCConfigurationList section */
	};
	rootObject = DE250D9722A478280012BA4B /* Project object */;
}
